// !$*UTF8*$!
{
	archiveVersion = 1;
	classes = {
	};
	objectVersion = 46;
	objects = {

/* Begin PBXAggregateTarget section */
		FFB56BBD75F2D6B1B65F088C /* VBANEmitter - All */ = {
			isa = PBXAggregateTarget;
			buildConfigurationList = 77ECE9F18BCC3394045A1953;
			buildPhases = (
			);
			dependencies = (
				7AB8FC465406B13162157257,
				E0EAABB4AE635148748E7B26,
			);
			name = "VBANEmitter - All";
			productName = VBANEmitter;
		};
/* End PBXAggregateTarget section */

/* Begin PBXBuildFile section */
		03AC6798D273F6F10C4EE5E9 /* MetalKit.framework */ = {isa = PBXBuildFile; fileRef = 4D45C78E801974B2F30F39EB; settings = { ATTRIBUTES = (Weak, ); }; };
		08775A0BEC3F0F3742F0EFF5 /* PluginProcessor.cpp */ = {isa = PBXBuildFile; fileRef = 6BFA12E320CE800A5D043178; };
		0FB71BD6EE0BFC3BF56D50D6 /* AudioToolbox.framework */ = {isa = PBXBuildFile; fileRef = 0FA662C6EAD5E2DE5D7D22E1; };
		12571C530241671025CAC371 /* include_juce_audio_utils.mm */ = {isa = PBXBuildFile; fileRef = 2B5223B3A78E6F580BE93C81; };
		154D177A5DA6FC443A39266F /* QuartzCore.framework */ = {isa = PBXBuildFile; fileRef = F8825086808D3C86DED88AAF; };
		164AF05930AE702519D0E4AE /* CoreGraphics.framework */ = {isa = PBXBuildFile; fileRef = C950C0C5F1667E933D827520; };
		212AF242FA0299797A4C5B72 /* UserNotifications.framework */ = {isa = PBXBuildFile; fileRef = 4D7A12866E6BEBBC654F6309; settings = { ATTRIBUTES = (Weak, ); }; };
		32A7C0DC588E0BDE81EAC1BF /* Standalone Plugin */ = {isa = PBXBuildFile; fileRef = 6CF14829554B360220C57127; };
		33269791DF70E2B53288FE86 /* UIKit.framework */ = {isa = PBXBuildFile; fileRef = 39C5746BF5BF4DAECF3C8C34; };
		3DC8BBA08B6C5CF9527EC0C2 /* include_juce_audio_processors_lv2_libs.cpp */ = {isa = PBXBuildFile; fileRef = 68BBD52596D9C873CCBF1423; };
		3EBD08580C385407C126E38F /* include_juce_audio_basics.mm */ = {isa = PBXBuildFile; fileRef = 2125EB44C177B8AD36E0A454; };
		3FCFDC52CFD6A2054299B112 /* include_juce_audio_formats.mm */ = {isa = PBXBuildFile; fileRef = 11A6539930080857A1A93295; };
		60D172B8206A42E98917876E /* Shared Code */ = {isa = PBXBuildFile; fileRef = 356EF1E9A5B68225E7B0E560; };
		6488230F10355678D7187011 /* CoreAudio.framework */ = {isa = PBXBuildFile; fileRef = B72B66E541A603D7536A8426; };
		76653617E6DBA56874E8425F /* include_juce_gui_extra.mm */ = {isa = PBXBuildFile; fileRef = 7D8B4D7A0F975C8FADC04E81; };
		7B61179A30B1D540609E73AF /* CoreMIDI.framework */ = {isa = PBXBuildFile; fileRef = EDF98368B66646115A64F80C; };
		8E967A12A3AB1D93E4651A9E /* CoreServices.framework */ = {isa = PBXBuildFile; fileRef = FD1F7E83110BD5C8F73BEFBD; };
		938C6974E34D91F8887BE4FD /* Metal.framework */ = {isa = PBXBuildFile; fileRef = 34FC9C0BEB9C7DCD852FCFD0; settings = { ATTRIBUTES = (Weak, ); }; };
		9788691D772DF80E87EA3AB5 /* include_juce_core.mm */ = {isa = PBXBuildFile; fileRef = 043BF46374B69D5AE7E4A2CA; };
		9891DC390AE8A53A76258F9A /* include_juce_data_structures.mm */ = {isa = PBXBuildFile; fileRef = 45D0922B07C036B6BECC8FE1; };
		993ED6074286A3B68A894396 /* include_juce_audio_plugin_client_ARA.cpp */ = {isa = PBXBuildFile; fileRef = D84FFBB53057CABB24094A53; };
		9AE16B49D875D5FEAC53F0B9 /* Foundation.framework */ = {isa = PBXBuildFile; fileRef = CD2A74852FE074F9F92E7EB6; };
		9D819E5CFBB4D396D622C8CA /* Images.xcassets */ = {isa = PBXBuildFile; fileRef = 90F6F78FDB2DFB17CAC69E14; };
		A0EB1C3EC7603449FA370538 /* CoreText.framework */ = {isa = PBXBuildFile; fileRef = 346EF49594F6F8798AF34AC0; };
		A59860DD6AA0D60FC69AF85C /* Accelerate.framework */ = {isa = PBXBuildFile; fileRef = 04BAFFBD1BEF27149B728C84; };
		ABB550CFA6AF7570A0B8C30E /* CoreImage.framework */ = {isa = PBXBuildFile; fileRef = 38E0A96FD21DB94BB3F6C381; };
		ACED56E9C3A2A5FEB1D220A5 /* include_juce_events.mm */ = {isa = PBXBuildFile; fileRef = 8788F1BF1AA3AD8B456A595D; };
		AF4A5123DBAF546E3B66C379 /* include_juce_audio_processors.mm */ = {isa = PBXBuildFile; fileRef = A5C630D4F0F1B6BA115C320E; };
		B5EB0D782373B9980740AB2B /* include_juce_gui_basics.mm */ = {isa = PBXBuildFile; fileRef = 316409F365E256ABF8467648; };
		C9A62B29A57976E07BF4D1E6 /* LaunchScreen.storyboard */ = {isa = PBXBuildFile; fileRef = EC5BC214F21E13CE4D7B482C; };
		C9D0251D3D10AB9343838B9A /* include_juce_audio_processors_ara.cpp */ = {isa = PBXBuildFile; fileRef = 5586E45004C2C90D00E452CA; };
		CC85009337D3FD079DC52591 /* include_juce_audio_plugin_client_Standalone.cpp */ = {isa = PBXBuildFile; fileRef = 4F52BB5B9AC7CA3448E74801; };
		D2975EA1AC2F56FE83E465D3 /* CoreAudioKit.framework */ = {isa = PBXBuildFile; fileRef = 7CF267678FE6F8D303607C81; };
		D8525EAA873A469F2600296D /* include_juce_audio_devices.mm */ = {isa = PBXBuildFile; fileRef = 0D53708411C98B4CC7466CB8; };
		E11F2CF916AE8FE23A91F5B1 /* WebKit.framework */ = {isa = PBXBuildFile; fileRef = 9481BBDCC497E642359F1FF7; };
		E9436F869C8C5B98464FEC77 /* vban_functions.cpp */ = {isa = PBXBuildFile; fileRef = 0E80FFC7D325D30404CAD88A; };
		F02E594095128D9F9DF554DC /* PluginEditor.cpp */ = {isa = PBXBuildFile; fileRef = AF1F1FFFE6D8F1EC0916DC09; };
		FB1677C02EC7427DE26FB90F /* AVFoundation.framework */ = {isa = PBXBuildFile; fileRef = E22F3E9DA86E17E8A3A83BF7; };
		FBC19AFB079A1E8AA8548E74 /* PluginFace.cpp */ = {isa = PBXBuildFile; fileRef = FDF1F6ED579A3BD7F4F49919; };
		FD645CCC8EDAF2BDD64E88AD /* include_juce_graphics.mm */ = {isa = PBXBuildFile; fileRef = 3896A49CB38077A689F9456C; };
/* End PBXBuildFile section */

/* Begin PBXFileReference section */
		043BF46374B69D5AE7E4A2CA /* include_juce_core.mm */ /* include_juce_core.mm */ = {isa = PBXFileReference; lastKnownFileType = sourcecode.cpp.objcpp; name = include_juce_core.mm; path = ../../JuceLibraryCode/include_juce_core.mm; sourceTree = SOURCE_ROOT; };
		04BAFFBD1BEF27149B728C84 /* Accelerate.framework */ /* Accelerate.framework */ = {isa = PBXFileReference; lastKnownFileType = wrapper.framework; name = Accelerate.framework; path = System/Library/Frameworks/Accelerate.framework; sourceTree = SDKROOT; };
		0D53708411C98B4CC7466CB8 /* include_juce_audio_devices.mm */ /* include_juce_audio_devices.mm */ = {isa = PBXFileReference; lastKnownFileType = sourcecode.cpp.objcpp; name = include_juce_audio_devices.mm; path = ../../JuceLibraryCode/include_juce_audio_devices.mm; sourceTree = SOURCE_ROOT; };
		0E80FFC7D325D30404CAD88A /* vban_functions.cpp */ /* vban_functions.cpp */ = {isa = PBXFileReference; lastKnownFileType = sourcecode.cpp.cpp; name = vban_functions.cpp; path = ../../Source/vban_functions.cpp; sourceTree = SOURCE_ROOT; };
		0FA662C6EAD5E2DE5D7D22E1 /* AudioToolbox.framework */ /* AudioToolbox.framework */ = {isa = PBXFileReference; lastKnownFileType = wrapper.framework; name = AudioToolbox.framework; path = System/Library/Frameworks/AudioToolbox.framework; sourceTree = SDKROOT; };
		11A6539930080857A1A93295 /* include_juce_audio_formats.mm */ /* include_juce_audio_formats.mm */ = {isa = PBXFileReference; lastKnownFileType = sourcecode.cpp.objcpp; name = include_juce_audio_formats.mm; path = ../../JuceLibraryCode/include_juce_audio_formats.mm; sourceTree = SOURCE_ROOT; };
		1658517DE3F490630271F0C5 /* juce_data_structures */ /* juce_data_structures */ = {isa = PBXFileReference; lastKnownFileType = folder; name = juce_data_structures; path = /usr/share/juce/modules/juce_data_structures; sourceTree = "<absolute>"; };
		19FFA727B293AF74FD4D4816 /* PluginFace.h */ /* PluginFace.h */ = {isa = PBXFileReference; lastKnownFileType = sourcecode.c.h; name = PluginFace.h; path = ../../Source/PluginFace.h; sourceTree = SOURCE_ROOT; };
		2125EB44C177B8AD36E0A454 /* include_juce_audio_basics.mm */ /* include_juce_audio_basics.mm */ = {isa = PBXFileReference; lastKnownFileType = sourcecode.cpp.objcpp; name = include_juce_audio_basics.mm; path = ../../JuceLibraryCode/include_juce_audio_basics.mm; sourceTree = SOURCE_ROOT; };
		2B5223B3A78E6F580BE93C81 /* include_juce_audio_utils.mm */ /* include_juce_audio_utils.mm */ = {isa = PBXFileReference; lastKnownFileType = sourcecode.cpp.objcpp; name = include_juce_audio_utils.mm; path = ../../JuceLibraryCode/include_juce_audio_utils.mm; sourceTree = SOURCE_ROOT; };
		316409F365E256ABF8467648 /* include_juce_gui_basics.mm */ /* include_juce_gui_basics.mm */ = {isa = PBXFileReference; lastKnownFileType = sourcecode.cpp.objcpp; name = include_juce_gui_basics.mm; path = ../../JuceLibraryCode/include_juce_gui_basics.mm; sourceTree = SOURCE_ROOT; };
		346EF49594F6F8798AF34AC0 /* CoreText.framework */ /* CoreText.framework */ = {isa = PBXFileReference; lastKnownFileType = wrapper.framework; name = CoreText.framework; path = System/Library/Frameworks/CoreText.framework; sourceTree = SDKROOT; };
		34FC9C0BEB9C7DCD852FCFD0 /* Metal.framework */ /* Metal.framework */ = {isa = PBXFileReference; lastKnownFileType = wrapper.framework; name = Metal.framework; path = System/Library/Frameworks/Metal.framework; sourceTree = SDKROOT; };
		356EF1E9A5B68225E7B0E560 /* Shared Code */ = {isa = PBXFileReference; explicitFileType = archive.ar; includeInIndex = 0; path = libVBANEmitter.a; sourceTree = BUILT_PRODUCTS_DIR; };
		3896A49CB38077A689F9456C /* include_juce_graphics.mm */ /* include_juce_graphics.mm */ = {isa = PBXFileReference; lastKnownFileType = sourcecode.cpp.objcpp; name = include_juce_graphics.mm; path = ../../JuceLibraryCode/include_juce_graphics.mm; sourceTree = SOURCE_ROOT; };
		38E0A96FD21DB94BB3F6C381 /* CoreImage.framework */ /* CoreImage.framework */ = {isa = PBXFileReference; lastKnownFileType = wrapper.framework; name = CoreImage.framework; path = System/Library/Frameworks/CoreImage.framework; sourceTree = SDKROOT; };
		39C5746BF5BF4DAECF3C8C34 /* UIKit.framework */ /* UIKit.framework */ = {isa = PBXFileReference; lastKnownFileType = wrapper.framework; name = UIKit.framework; path = System/Library/Frameworks/UIKit.framework; sourceTree = SDKROOT; };
		45D0922B07C036B6BECC8FE1 /* include_juce_data_structures.mm */ /* include_juce_data_structures.mm */ = {isa = PBXFileReference; lastKnownFileType = sourcecode.cpp.objcpp; name = include_juce_data_structures.mm; path = ../../JuceLibraryCode/include_juce_data_structures.mm; sourceTree = SOURCE_ROOT; };
		4C6FF7DABDE1AC9CFCCAD746 /* juce_events */ /* juce_events */ = {isa = PBXFileReference; lastKnownFileType = folder; name = juce_events; path = /usr/share/juce/modules/juce_events; sourceTree = "<absolute>"; };
		4D45C78E801974B2F30F39EB /* MetalKit.framework */ /* MetalKit.framework */ = {isa = PBXFileReference; lastKnownFileType = wrapper.framework; name = MetalKit.framework; path = System/Library/Frameworks/MetalKit.framework; sourceTree = SDKROOT; };
		4D7A12866E6BEBBC654F6309 /* UserNotifications.framework */ /* UserNotifications.framework */ = {isa = PBXFileReference; lastKnownFileType = wrapper.framework; name = UserNotifications.framework; path = System/Library/Frameworks/UserNotifications.framework; sourceTree = SDKROOT; };
		4F52BB5B9AC7CA3448E74801 /* include_juce_audio_plugin_client_Standalone.cpp */ /* include_juce_audio_plugin_client_Standalone.cpp */ = {isa = PBXFileReference; lastKnownFileType = sourcecode.cpp.cpp; name = include_juce_audio_plugin_client_Standalone.cpp; path = ../../JuceLibraryCode/include_juce_audio_plugin_client_Standalone.cpp; sourceTree = SOURCE_ROOT; };
		5586E45004C2C90D00E452CA /* include_juce_audio_processors_ara.cpp */ /* include_juce_audio_processors_ara.cpp */ = {isa = PBXFileReference; lastKnownFileType = sourcecode.cpp.cpp; name = include_juce_audio_processors_ara.cpp; path = ../../JuceLibraryCode/include_juce_audio_processors_ara.cpp; sourceTree = SOURCE_ROOT; };
		6325EF6E20B5AB1E7B671B19 /* JuceHeader.h */ /* JuceHeader.h */ = {isa = PBXFileReference; lastKnownFileType = sourcecode.c.h; name = JuceHeader.h; path = ../../JuceLibraryCode/JuceHeader.h; sourceTree = SOURCE_ROOT; };
		6474874EFBE367CF33E5AAB8 /* PluginProcessor.h */ /* PluginProcessor.h */ = {isa = PBXFileReference; lastKnownFileType = sourcecode.c.h; name = PluginProcessor.h; path = ../../Source/PluginProcessor.h; sourceTree = SOURCE_ROOT; };
		6827B11A22530225FBC24736 /* juce_core */ /* juce_core */ = {isa = PBXFileReference; lastKnownFileType = folder; name = juce_core; path = /usr/share/juce/modules/juce_core; sourceTree = "<absolute>"; };
		68BBD52596D9C873CCBF1423 /* include_juce_audio_processors_lv2_libs.cpp */ /* include_juce_audio_processors_lv2_libs.cpp */ = {isa = PBXFileReference; lastKnownFileType = sourcecode.cpp.cpp; name = include_juce_audio_processors_lv2_libs.cpp; path = ../../JuceLibraryCode/include_juce_audio_processors_lv2_libs.cpp; sourceTree = SOURCE_ROOT; };
		6944CDEB9C9D5B2DD62EA36E /* vban_functions.h */ /* vban_functions.h */ = {isa = PBXFileReference; lastKnownFileType = sourcecode.c.h; name = vban_functions.h; path = ../../Source/vban_functions.h; sourceTree = SOURCE_ROOT; };
		6BFA12E320CE800A5D043178 /* PluginProcessor.cpp */ /* PluginProcessor.cpp */ = {isa = PBXFileReference; lastKnownFileType = sourcecode.cpp.cpp; name = PluginProcessor.cpp; path = ../../Source/PluginProcessor.cpp; sourceTree = SOURCE_ROOT; };
		6CF14829554B360220C57127 /* Standalone Plugin */ = {isa = PBXFileReference; explicitFileType = wrapper.application; includeInIndex = 0; path = VBANEmitter.app; sourceTree = BUILT_PRODUCTS_DIR; };
		6FFB1F5E124593BA46363270 /* juce_gui_basics */ /* juce_gui_basics */ = {isa = PBXFileReference; lastKnownFileType = folder; name = juce_gui_basics; path = /usr/share/juce/modules/juce_gui_basics; sourceTree = "<absolute>"; };
		76353B02727451EA8E3BE092 /* vban.h */ /* vban.h */ = {isa = PBXFileReference; lastKnownFileType = sourcecode.c.h; name = vban.h; path = ../../Source/vban.h; sourceTree = SOURCE_ROOT; };
		7CF267678FE6F8D303607C81 /* CoreAudioKit.framework */ /* CoreAudioKit.framework */ = {isa = PBXFileReference; lastKnownFileType = wrapper.framework; name = CoreAudioKit.framework; path = System/Library/Frameworks/CoreAudioKit.framework; sourceTree = SDKROOT; };
		7D8B4D7A0F975C8FADC04E81 /* include_juce_gui_extra.mm */ /* include_juce_gui_extra.mm */ = {isa = PBXFileReference; lastKnownFileType = sourcecode.cpp.objcpp; name = include_juce_gui_extra.mm; path = ../../JuceLibraryCode/include_juce_gui_extra.mm; sourceTree = SOURCE_ROOT; };
		7F9C27197209C59CE5C0AF0F /* juce_audio_devices */ /* juce_audio_devices */ = {isa = PBXFileReference; lastKnownFileType = folder; name = juce_audio_devices; path = /usr/share/juce/modules/juce_audio_devices; sourceTree = "<absolute>"; };
		86057CBD99EFB6EEE663121A /* juce_audio_plugin_client */ /* juce_audio_plugin_client */ = {isa = PBXFileReference; lastKnownFileType = folder; name = juce_audio_plugin_client; path = /usr/share/juce/modules/juce_audio_plugin_client; sourceTree = "<absolute>"; };
		8788F1BF1AA3AD8B456A595D /* include_juce_events.mm */ /* include_juce_events.mm */ = {isa = PBXFileReference; lastKnownFileType = sourcecode.cpp.objcpp; name = include_juce_events.mm; path = ../../JuceLibraryCode/include_juce_events.mm; sourceTree = SOURCE_ROOT; };
		8C36500F84730C49546B6E61 /* Info-Standalone_Plugin.plist */ /* Info-Standalone_Plugin.plist */ = {isa = PBXFileReference; lastKnownFileType = text.plist.xml; name = "Info-Standalone_Plugin.plist"; path = "Info-Standalone_Plugin.plist"; sourceTree = SOURCE_ROOT; };
		90F6F78FDB2DFB17CAC69E14 /* Images.xcassets */ /* Images.xcassets */ = {isa = PBXFileReference; lastKnownFileType = folder.assetcatalog; name = Images.xcassets; path = VBANEmitter/Images.xcassets; sourceTree = SOURCE_ROOT; };
		9481BBDCC497E642359F1FF7 /* WebKit.framework */ /* WebKit.framework */ = {isa = PBXFileReference; lastKnownFileType = wrapper.framework; name = WebKit.framework; path = System/Library/Frameworks/WebKit.framework; sourceTree = SDKROOT; };
		A5C630D4F0F1B6BA115C320E /* include_juce_audio_processors.mm */ /* include_juce_audio_processors.mm */ = {isa = PBXFileReference; lastKnownFileType = sourcecode.cpp.objcpp; name = include_juce_audio_processors.mm; path = ../../JuceLibraryCode/include_juce_audio_processors.mm; sourceTree = SOURCE_ROOT; };
		AA58B51A442E103B6540878E /* juce_audio_processors */ /* juce_audio_processors */ = {isa = PBXFileReference; lastKnownFileType = folder; name = juce_audio_processors; path = /usr/share/juce/modules/juce_audio_processors; sourceTree = "<absolute>"; };
		AD680E9826E1EFBC4223100E /* juce_audio_formats */ /* juce_audio_formats */ = {isa = PBXFileReference; lastKnownFileType = folder; name = juce_audio_formats; path = /usr/share/juce/modules/juce_audio_formats; sourceTree = "<absolute>"; };
		AF1F1FFFE6D8F1EC0916DC09 /* PluginEditor.cpp */ /* PluginEditor.cpp */ = {isa = PBXFileReference; lastKnownFileType = sourcecode.cpp.cpp; name = PluginEditor.cpp; path = ../../Source/PluginEditor.cpp; sourceTree = SOURCE_ROOT; };
		B72B66E541A603D7536A8426 /* CoreAudio.framework */ /* CoreAudio.framework */ = {isa = PBXFileReference; lastKnownFileType = wrapper.framework; name = CoreAudio.framework; path = System/Library/Frameworks/CoreAudio.framework; sourceTree = SDKROOT; };
		C950C0C5F1667E933D827520 /* CoreGraphics.framework */ /* CoreGraphics.framework */ = {isa = PBXFileReference; lastKnownFileType = wrapper.framework; name = CoreGraphics.framework; path = System/Library/Frameworks/CoreGraphics.framework; sourceTree = SDKROOT; };
		CD2A74852FE074F9F92E7EB6 /* Foundation.framework */ /* Foundation.framework */ = {isa = PBXFileReference; lastKnownFileType = wrapper.framework; name = Foundation.framework; path = System/Library/Frameworks/Foundation.framework; sourceTree = SDKROOT; };
		D84FFBB53057CABB24094A53 /* include_juce_audio_plugin_client_ARA.cpp */ /* include_juce_audio_plugin_client_ARA.cpp */ = {isa = PBXFileReference; lastKnownFileType = sourcecode.cpp.cpp; name = include_juce_audio_plugin_client_ARA.cpp; path = ../../JuceLibraryCode/include_juce_audio_plugin_client_ARA.cpp; sourceTree = SOURCE_ROOT; };
		D93F482D686ABE09A8854DDE /* juce_gui_extra */ /* juce_gui_extra */ = {isa = PBXFileReference; lastKnownFileType = folder; name = juce_gui_extra; path = /usr/share/juce/modules/juce_gui_extra; sourceTree = "<absolute>"; };
		DB616620039F035F39AE62E1 /* JucePluginDefines.h */ /* JucePluginDefines.h */ = {isa = PBXFileReference; lastKnownFileType = sourcecode.c.h; name = JucePluginDefines.h; path = ../../JuceLibraryCode/JucePluginDefines.h; sourceTree = SOURCE_ROOT; };
		DBE2B424FF43492A008BD8CB /* juce_audio_basics */ /* juce_audio_basics */ = {isa = PBXFileReference; lastKnownFileType = folder; name = juce_audio_basics; path = /usr/share/juce/modules/juce_audio_basics; sourceTree = "<absolute>"; };
		DDE0CBFCC1DAABB001BA0AE0 /* juce_graphics */ /* juce_graphics */ = {isa = PBXFileReference; lastKnownFileType = folder; name = juce_graphics; path = /usr/share/juce/modules/juce_graphics; sourceTree = "<absolute>"; };
		DE72281438C84B4E6AD68DC3 /* PluginEditor.h */ /* PluginEditor.h */ = {isa = PBXFileReference; lastKnownFileType = sourcecode.c.h; name = PluginEditor.h; path = ../../Source/PluginEditor.h; sourceTree = SOURCE_ROOT; };
		E22F3E9DA86E17E8A3A83BF7 /* AVFoundation.framework */ /* AVFoundation.framework */ = {isa = PBXFileReference; lastKnownFileType = wrapper.framework; name = AVFoundation.framework; path = System/Library/Frameworks/AVFoundation.framework; sourceTree = SDKROOT; };
		E230D59D122E910E096EB1A7 /* juce_audio_utils */ /* juce_audio_utils */ = {isa = PBXFileReference; lastKnownFileType = folder; name = juce_audio_utils; path = /usr/share/juce/modules/juce_audio_utils; sourceTree = "<absolute>"; };
		EC5BC214F21E13CE4D7B482C /* LaunchScreen.storyboard */ /* LaunchScreen.storyboard */ = {isa = PBXFileReference; lastKnownFileType = file.storyboard; name = LaunchScreen.storyboard; path = LaunchScreen.storyboard; sourceTree = SOURCE_ROOT; };
		EDF98368B66646115A64F80C /* CoreMIDI.framework */ /* CoreMIDI.framework */ = {isa = PBXFileReference; lastKnownFileType = wrapper.framework; name = CoreMIDI.framework; path = System/Library/Frameworks/CoreMIDI.framework; sourceTree = SDKROOT; };
		F8825086808D3C86DED88AAF /* QuartzCore.framework */ /* QuartzCore.framework */ = {isa = PBXFileReference; lastKnownFileType = wrapper.framework; name = QuartzCore.framework; path = System/Library/Frameworks/QuartzCore.framework; sourceTree = SDKROOT; };
		FD1F7E83110BD5C8F73BEFBD /* CoreServices.framework */ /* CoreServices.framework */ = {isa = PBXFileReference; lastKnownFileType = wrapper.framework; name = CoreServices.framework; path = System/Library/Frameworks/CoreServices.framework; sourceTree = SDKROOT; };
		FDF1F6ED579A3BD7F4F49919 /* PluginFace.cpp */ /* PluginFace.cpp */ = {isa = PBXFileReference; lastKnownFileType = sourcecode.cpp.cpp; name = PluginFace.cpp; path = ../../Source/PluginFace.cpp; sourceTree = SOURCE_ROOT; };
/* End PBXFileReference section */

/* Begin PBXFrameworksBuildPhase section */
		489B22EF5018DEBCFD275669 = {
			isa = PBXFrameworksBuildPhase;
			buildActionMask = 2147483647;
			files = (
				A59860DD6AA0D60FC69AF85C,
				0FB71BD6EE0BFC3BF56D50D6,
				FB1677C02EC7427DE26FB90F,
				6488230F10355678D7187011,
				D2975EA1AC2F56FE83E465D3,
				164AF05930AE702519D0E4AE,
				ABB550CFA6AF7570A0B8C30E,
				7B61179A30B1D540609E73AF,
				8E967A12A3AB1D93E4651A9E,
				A0EB1C3EC7603449FA370538,
				9AE16B49D875D5FEAC53F0B9,
				154D177A5DA6FC443A39266F,
				33269791DF70E2B53288FE86,
				E11F2CF916AE8FE23A91F5B1,
				938C6974E34D91F8887BE4FD,
				03AC6798D273F6F10C4EE5E9,
				212AF242FA0299797A4C5B72,
			);
			runOnlyForDeploymentPostprocessing = 0;
		};
/* End PBXFrameworksBuildPhase section */

/* Begin PBXGroup section */
		16ADDCC3CC28261FD9F18724 /* VBANEmitter */ = {
			isa = PBXGroup;
			children = (
				1C4CF59E2042CC0112D39E5D,
			);
			name = VBANEmitter;
			sourceTree = "<group>";
		};
		181885C8B1E941259459396F /* JUCE Modules */ = {
			isa = PBXGroup;
			children = (
				DBE2B424FF43492A008BD8CB,
				7F9C27197209C59CE5C0AF0F,
				AD680E9826E1EFBC4223100E,
				86057CBD99EFB6EEE663121A,
				AA58B51A442E103B6540878E,
				E230D59D122E910E096EB1A7,
				6827B11A22530225FBC24736,
				1658517DE3F490630271F0C5,
				4C6FF7DABDE1AC9CFCCAD746,
				DDE0CBFCC1DAABB001BA0AE0,
				6FFB1F5E124593BA46363270,
				D93F482D686ABE09A8854DDE,
			);
			name = "JUCE Modules";
			sourceTree = "<group>";
		};
		1B5E20678E09ABB8E0A9A764 /* Source */ = {
			isa = PBXGroup;
			children = (
				16ADDCC3CC28261FD9F18724,
				181885C8B1E941259459396F,
				6C9C7921FC3DA920B4666F74,
				29BAF6B30FC3A3E6D83BCE65,
				625F9BA8904A16949D7FBFF4,
				7745254EF107EBE971EBB266,
			);
			name = Source;
			sourceTree = "<group>";
		};
		1C4CF59E2042CC0112D39E5D /* Source */ = {
			isa = PBXGroup;
			children = (
				FDF1F6ED579A3BD7F4F49919,
				19FFA727B293AF74FD4D4816,
				0E80FFC7D325D30404CAD88A,
				6944CDEB9C9D5B2DD62EA36E,
				76353B02727451EA8E3BE092,
				6BFA12E320CE800A5D043178,
				6474874EFBE367CF33E5AAB8,
				AF1F1FFFE6D8F1EC0916DC09,
				DE72281438C84B4E6AD68DC3,
			);
			name = Source;
			sourceTree = "<group>";
		};
		29BAF6B30FC3A3E6D83BCE65 /* Resources */ = {
			isa = PBXGroup;
			children = (
				8C36500F84730C49546B6E61,
				90F6F78FDB2DFB17CAC69E14,
				EC5BC214F21E13CE4D7B482C,
			);
			name = Resources;
			sourceTree = "<group>";
		};
		625F9BA8904A16949D7FBFF4 /* Frameworks */ = {
			isa = PBXGroup;
			children = (
				04BAFFBD1BEF27149B728C84,
				0FA662C6EAD5E2DE5D7D22E1,
				E22F3E9DA86E17E8A3A83BF7,
				B72B66E541A603D7536A8426,
				7CF267678FE6F8D303607C81,
				C950C0C5F1667E933D827520,
				38E0A96FD21DB94BB3F6C381,
				EDF98368B66646115A64F80C,
				FD1F7E83110BD5C8F73BEFBD,
				346EF49594F6F8798AF34AC0,
				CD2A74852FE074F9F92E7EB6,
				F8825086808D3C86DED88AAF,
				39C5746BF5BF4DAECF3C8C34,
				9481BBDCC497E642359F1FF7,
				34FC9C0BEB9C7DCD852FCFD0,
				4D45C78E801974B2F30F39EB,
				4D7A12866E6BEBBC654F6309,
			);
			name = Frameworks;
			sourceTree = "<group>";
		};
		6C9C7921FC3DA920B4666F74 /* JUCE Library Code */ = {
			isa = PBXGroup;
			children = (
				2125EB44C177B8AD36E0A454,
				0D53708411C98B4CC7466CB8,
				11A6539930080857A1A93295,
				D84FFBB53057CABB24094A53,
				4F52BB5B9AC7CA3448E74801,
				A5C630D4F0F1B6BA115C320E,
				5586E45004C2C90D00E452CA,
				68BBD52596D9C873CCBF1423,
				2B5223B3A78E6F580BE93C81,
				043BF46374B69D5AE7E4A2CA,
				45D0922B07C036B6BECC8FE1,
				8788F1BF1AA3AD8B456A595D,
				3896A49CB38077A689F9456C,
				316409F365E256ABF8467648,
				7D8B4D7A0F975C8FADC04E81,
				6325EF6E20B5AB1E7B671B19,
				DB616620039F035F39AE62E1,
			);
			name = "JUCE Library Code";
			sourceTree = "<group>";
		};
		7745254EF107EBE971EBB266 /* Products */ = {
			isa = PBXGroup;
			children = (
				6CF14829554B360220C57127,
				356EF1E9A5B68225E7B0E560,
			);
			name = Products;
			sourceTree = "<group>";
		};
/* End PBXGroup section */

/* Begin PBXNativeTarget section */
		A45894ABDFED91801D725BD4 /* VBANEmitter - Shared Code */ = {
			isa = PBXNativeTarget;
			buildConfigurationList = 97B8B16A8A94D76E6C222D49;
			buildPhases = (
				8AB2F4CB1192EEF065410E5C,
			);
			buildRules = (
			);
			dependencies = (
			);
			name = "VBANEmitter - Shared Code";
			productName = VBANEmitter;
			productReference = 356EF1E9A5B68225E7B0E560;
			productType = "com.apple.product-type.library.static";
		};
		E973570349A0F88CFE7D6885 /* VBANEmitter - Standalone Plugin */ = {
			isa = PBXNativeTarget;
			buildConfigurationList = 89203C549EE5586F6F612BB9;
			buildPhases = (
				2193AA3D67C3246BCB6AD981,
				8E914456271752C579BA58C1,
				489B22EF5018DEBCFD275669,
			);
			buildRules = (
			);
			dependencies = (
				02CBCC390EB5008838FB4290,
			);
			name = "VBANEmitter - Standalone Plugin";
			productName = VBANEmitter;
			productReference = 6CF14829554B360220C57127;
			productType = "com.apple.product-type.application";
		};
/* End PBXNativeTarget section */

/* Begin PBXProject section */
		B906EFF4DEEFD262CDFDDFFA = {
			isa = PBXProject;
			attributes = {
				BuildIndependentTargetsInParallel = YES;
				LastUpgradeCheck = 1340;
				ORGANIZATIONNAME = "";
				TargetAttributes = {
					A45894ABDFED91801D725BD4 = {
						SystemCapabilities = {
							com.apple.ApplicationGroups.iOS = {
								enabled = 0;
							};
							com.apple.HardenedRuntime = {
								enabled = 0;
							};
							com.apple.InAppPurchase = {
								enabled = 0;
							};
							com.apple.InterAppAudio = {
								enabled = 0;
							};
							com.apple.Push = {
								enabled = 0;
							};
							com.apple.Sandbox = {
								enabled = 0;
							};
						};
					};
					E973570349A0F88CFE7D6885 = {
						SystemCapabilities = {
							com.apple.ApplicationGroups.iOS = {
								enabled = 0;
							};
							com.apple.HardenedRuntime = {
								enabled = 0;
							};
							com.apple.InAppPurchase = {
								enabled = 0;
							};
							com.apple.InterAppAudio = {
								enabled = 0;
							};
							com.apple.Push = {
								enabled = 0;
							};
							com.apple.Sandbox = {
								enabled = 0;
							};
						};
					};
					FFB56BBD75F2D6B1B65F088C = {
						SystemCapabilities = {
							com.apple.ApplicationGroups.iOS = {
								enabled = 0;
							};
							com.apple.HardenedRuntime = {
								enabled = 0;
							};
							com.apple.InAppPurchase = {
								enabled = 0;
							};
							com.apple.InterAppAudio = {
								enabled = 0;
							};
							com.apple.Push = {
								enabled = 0;
							};
							com.apple.Sandbox = {
								enabled = 0;
							};
						};
					};
				};
			};
			buildConfigurationList = 6121FD85FCFA0759AE8C2F72;
			compatibilityVersion = "Xcode 3.2";
			hasScannedForEncodings = 0;
			knownRegions = (
				en,
				Base,
			);
			mainGroup = 1B5E20678E09ABB8E0A9A764;
			projectDirPath = "";
			projectRoot = "";
			targets = (
				FFB56BBD75F2D6B1B65F088C,
				E973570349A0F88CFE7D6885,
				A45894ABDFED91801D725BD4,
			);
		};
/* End PBXProject section */

/* Begin PBXResourcesBuildPhase section */
		2193AA3D67C3246BCB6AD981 = {
			isa = PBXResourcesBuildPhase;
			buildActionMask = 2147483647;
			files = (
				9D819E5CFBB4D396D622C8CA,
				C9A62B29A57976E07BF4D1E6,
			);
			runOnlyForDeploymentPostprocessing = 0;
		};
/* End PBXResourcesBuildPhase section */

/* Begin PBXSourcesBuildPhase section */
		8AB2F4CB1192EEF065410E5C = {
			isa = PBXSourcesBuildPhase;
			buildActionMask = 2147483647;
			files = (
				FBC19AFB079A1E8AA8548E74,
				E9436F869C8C5B98464FEC77,
				08775A0BEC3F0F3742F0EFF5,
				F02E594095128D9F9DF554DC,
				3EBD08580C385407C126E38F,
				D8525EAA873A469F2600296D,
				3FCFDC52CFD6A2054299B112,
				993ED6074286A3B68A894396,
				AF4A5123DBAF546E3B66C379,
				C9D0251D3D10AB9343838B9A,
				3DC8BBA08B6C5CF9527EC0C2,
				12571C530241671025CAC371,
				9788691D772DF80E87EA3AB5,
				9891DC390AE8A53A76258F9A,
				ACED56E9C3A2A5FEB1D220A5,
				FD645CCC8EDAF2BDD64E88AD,
				B5EB0D782373B9980740AB2B,
				76653617E6DBA56874E8425F,
			);
			runOnlyForDeploymentPostprocessing = 0;
		};
		8E914456271752C579BA58C1 = {
			isa = PBXSourcesBuildPhase;
			buildActionMask = 2147483647;
			files = (
				CC85009337D3FD079DC52591,
			);
			runOnlyForDeploymentPostprocessing = 0;
		};
/* End PBXSourcesBuildPhase section */

/* Begin PBXTargetDependency section */
		02CBCC390EB5008838FB4290 = {
			isa = PBXTargetDependency;
			target = A45894ABDFED91801D725BD4;
		};
		7AB8FC465406B13162157257 = {
			isa = PBXTargetDependency;
			target = E973570349A0F88CFE7D6885;
		};
		E0EAABB4AE635148748E7B26 = {
			isa = PBXTargetDependency;
			target = A45894ABDFED91801D725BD4;
		};
/* End PBXTargetDependency section */

/* Begin XCBuildConfiguration section */
		27BCED23E8DC033369567AA2 /* Debug */ = {
			isa = XCBuildConfiguration;
			buildSettings = {
				ASSETCATALOG_COMPILER_APPICON_NAME = AppIcon;
				CLANG_CXX_LANGUAGE_STANDARD = "c++17";
				CLANG_CXX_LIBRARY = "libc++";
				CLANG_LINK_OBJC_RUNTIME = NO;
				COMBINE_HIDPI_IMAGES = YES;
				CONFIGURATION_BUILD_DIR = "$(PROJECT_DIR)/build/$(CONFIGURATION)";
				COPY_PHASE_STRIP = NO;
				GCC_DYNAMIC_NO_PIC = NO;
				GCC_OPTIMIZATION_LEVEL = 0;
				GCC_PREPROCESSOR_DEFINITIONS = (
					"_DEBUG=1",
					"DEBUG=1",
					"JUCE_CONTENT_SHARING=1",
					"JUCE_DISPLAY_SPLASH_SCREEN=1",
					"JUCE_USE_DARK_SPLASH_SCREEN=1",
					"JUCE_PROJUCER_VERSION=0x7000c",
					"JUCE_MODULE_AVAILABLE_juce_audio_basics=1",
					"JUCE_MODULE_AVAILABLE_juce_audio_devices=1",
					"JUCE_MODULE_AVAILABLE_juce_audio_formats=1",
					"JUCE_MODULE_AVAILABLE_juce_audio_plugin_client=1",
					"JUCE_MODULE_AVAILABLE_juce_audio_processors=1",
					"JUCE_MODULE_AVAILABLE_juce_audio_utils=1",
					"JUCE_MODULE_AVAILABLE_juce_core=1",
					"JUCE_MODULE_AVAILABLE_juce_data_structures=1",
					"JUCE_MODULE_AVAILABLE_juce_events=1",
					"JUCE_MODULE_AVAILABLE_juce_graphics=1",
					"JUCE_MODULE_AVAILABLE_juce_gui_basics=1",
					"JUCE_MODULE_AVAILABLE_juce_gui_extra=1",
					"JUCE_GLOBAL_MODULE_SETTINGS_INCLUDED=1",
					"JUCE_VST3_CAN_REPLACE_VST2=0",
					"JUCE_STRICT_REFCOUNTEDPOINTER=1",
					"JucePlugin_Build_VST=0",
					"JucePlugin_Build_VST3=0",
					"JucePlugin_Build_AU=0",
					"JucePlugin_Build_AUv3=0",
					"JucePlugin_Build_AAX=0",
					"JucePlugin_Build_Standalone=1",
					"JucePlugin_Build_Unity=0",
					"JucePlugin_Build_LV2=0",
					"JucePlugin_Enable_IAA=0",
					"JucePlugin_Enable_ARA=0",
					"JucePlugin_Name=\\\"VBANEmitter\\\"",
					"JucePlugin_Desc=\\\"VBANEmitter\\\"",
					"JucePlugin_Manufacturer=\\\"billy_the_hippo\\\"",
					"JucePlugin_ManufacturerWebsite=\\\"www.yourcompany.com\\\"",
					"JucePlugin_ManufacturerEmail=\\\"\\\"",
					"JucePlugin_ManufacturerCode=0x4d616e75",
					"JucePlugin_PluginCode=0x49686267",
					"JucePlugin_IsSynth=0",
					"JucePlugin_WantsMidiInput=0",
					"JucePlugin_ProducesMidiOutput=0",
					"JucePlugin_IsMidiEffect=0",
					"JucePlugin_EditorRequiresKeyboardFocus=0",
					"JucePlugin_Version=1.0.0",
					"JucePlugin_VersionCode=0x10000",
					"JucePlugin_VersionString=\\\"1.0.0\\\"",
					"JucePlugin_VSTUniqueID=JucePlugin_PluginCode",
					"JucePlugin_VSTCategory=kPlugCategEffect",
					"JucePlugin_Vst3Category=\\\"Fx\\\"",
					"JucePlugin_AUMainType=\\'aufx\\'",
					"JucePlugin_AUSubType=JucePlugin_PluginCode",
					"JucePlugin_AUExportPrefix=VBANEmitterAU",
					"JucePlugin_AUExportPrefixQuoted=\\\"VBANEmitterAU\\\"",
					"JucePlugin_AUManufacturerCode=JucePlugin_ManufacturerCode",
					"JucePlugin_CFBundleIdentifier=com.yourcompany.VBANEmitter",
					"JucePlugin_AAXIdentifier=com.yourcompany.VBANEmitter",
					"JucePlugin_AAXManufacturerCode=JucePlugin_ManufacturerCode",
					"JucePlugin_AAXProductId=JucePlugin_PluginCode",
					"JucePlugin_AAXCategory=0",
					"JucePlugin_AAXDisableBypass=0",
					"JucePlugin_AAXDisableMultiMono=0",
					"JucePlugin_IAAType=0x61757278",
					"JucePlugin_IAASubType=JucePlugin_PluginCode",
					"JucePlugin_IAAName=\\\"billy_the_hippo:\\ VBANEmitter\\\"",
					"JucePlugin_VSTNumMidiInputs=16",
					"JucePlugin_VSTNumMidiOutputs=16",
					"JucePlugin_ARAContentTypes=0",
					"JucePlugin_ARATransformationFlags=0",
					"JucePlugin_ARAFactoryID=\\\"com.yourcompany.VBANEmitter.factory\\\"",
					"JucePlugin_ARADocumentArchiveID=\\\"com.yourcompany.VBANEmitter.aradocumentarchive.1.0.0\\\"",
					"JucePlugin_ARACompatibleArchiveIDs=\\\"\\\"",
					"JUCE_STANDALONE_APPLICATION=JucePlugin_Build_Standalone",
					"JUCER_XCODE_IPHONE_5BC26AE3=1",
					"JUCE_APP_VERSION=1.0.0",
					"JUCE_APP_VERSION_HEX=0x10000",
				);
				GCC_VERSION = com.apple.compilers.llvm.clang.1_0;
				HEADER_SEARCH_PATHS = (
					"$(SRCROOT)/../../JuceLibraryCode",
					"/usr/share/juce/modules",
					"/usr/share/juce/modules/juce_audio_plugin_client/AU",
					"$(inherited)",
				);
				INFOPLIST_FILE = Info-Standalone_Plugin.plist;
				INFOPLIST_PREPROCESS = NO;
				MTL_HEADER_SEARCH_PATHS = "$(SRCROOT)/../../JuceLibraryCode /usr/share/juce/modules /usr/share/juce/modules/juce_audio_plugin_client/AU";
				OTHER_LDFLAGS = "-lVBANEmitter";
				PRODUCT_BUNDLE_IDENTIFIER = com.yourcompany.VBANEmitter;
				PRODUCT_NAME = "VBANEmitter";
				USE_HEADERMAP = NO;
			};
			name = Debug;
		};
		5ABFF05655ECD4FFD10160A2 /* Debug */ = {
			isa = XCBuildConfiguration;
			buildSettings = {
				ASSETCATALOG_COMPILER_APPICON_NAME = AppIcon;
				CLANG_CXX_LANGUAGE_STANDARD = "c++17";
				CLANG_CXX_LIBRARY = "libc++";
				CLANG_LINK_OBJC_RUNTIME = NO;
				COMBINE_HIDPI_IMAGES = YES;
				CONFIGURATION_BUILD_DIR = "$(PROJECT_DIR)/build/$(CONFIGURATION)";
				COPY_PHASE_STRIP = NO;
				GCC_DYNAMIC_NO_PIC = NO;
				GCC_OPTIMIZATION_LEVEL = 0;
				GCC_PREPROCESSOR_DEFINITIONS = (
					"_DEBUG=1",
					"DEBUG=1",
					"JUCE_CONTENT_SHARING=1",
					"JUCE_DISPLAY_SPLASH_SCREEN=1",
					"JUCE_USE_DARK_SPLASH_SCREEN=1",
					"JUCE_PROJUCER_VERSION=0x7000c",
					"JUCE_MODULE_AVAILABLE_juce_audio_basics=1",
					"JUCE_MODULE_AVAILABLE_juce_audio_devices=1",
					"JUCE_MODULE_AVAILABLE_juce_audio_formats=1",
					"JUCE_MODULE_AVAILABLE_juce_audio_plugin_client=1",
					"JUCE_MODULE_AVAILABLE_juce_audio_processors=1",
					"JUCE_MODULE_AVAILABLE_juce_audio_utils=1",
					"JUCE_MODULE_AVAILABLE_juce_core=1",
					"JUCE_MODULE_AVAILABLE_juce_data_structures=1",
					"JUCE_MODULE_AVAILABLE_juce_events=1",
					"JUCE_MODULE_AVAILABLE_juce_graphics=1",
					"JUCE_MODULE_AVAILABLE_juce_gui_basics=1",
					"JUCE_MODULE_AVAILABLE_juce_gui_extra=1",
					"JUCE_GLOBAL_MODULE_SETTINGS_INCLUDED=1",
					"JUCE_VST3_CAN_REPLACE_VST2=0",
					"JUCE_STRICT_REFCOUNTEDPOINTER=1",
					"JucePlugin_Build_VST=0",
					"JucePlugin_Build_VST3=0",
					"JucePlugin_Build_AU=0",
					"JucePlugin_Build_AUv3=0",
					"JucePlugin_Build_AAX=0",
					"JucePlugin_Build_Standalone=1",
					"JucePlugin_Build_Unity=0",
					"JucePlugin_Build_LV2=0",
					"JucePlugin_Enable_IAA=0",
					"JucePlugin_Enable_ARA=0",
					"JucePlugin_Name=\\\"VBANEmitter\\\"",
					"JucePlugin_Desc=\\\"VBANEmitter\\\"",
					"JucePlugin_Manufacturer=\\\"billy_the_hippo\\\"",
					"JucePlugin_ManufacturerWebsite=\\\"www.yourcompany.com\\\"",
					"JucePlugin_ManufacturerEmail=\\\"\\\"",
					"JucePlugin_ManufacturerCode=0x4d616e75",
					"JucePlugin_PluginCode=0x49686267",
					"JucePlugin_IsSynth=0",
					"JucePlugin_WantsMidiInput=0",
					"JucePlugin_ProducesMidiOutput=0",
					"JucePlugin_IsMidiEffect=0",
					"JucePlugin_EditorRequiresKeyboardFocus=0",
					"JucePlugin_Version=1.0.0",
					"JucePlugin_VersionCode=0x10000",
					"JucePlugin_VersionString=\\\"1.0.0\\\"",
					"JucePlugin_VSTUniqueID=JucePlugin_PluginCode",
					"JucePlugin_VSTCategory=kPlugCategEffect",
					"JucePlugin_Vst3Category=\\\"Fx\\\"",
					"JucePlugin_AUMainType=\\'aufx\\'",
					"JucePlugin_AUSubType=JucePlugin_PluginCode",
					"JucePlugin_AUExportPrefix=VBANEmitterAU",
					"JucePlugin_AUExportPrefixQuoted=\\\"VBANEmitterAU\\\"",
					"JucePlugin_AUManufacturerCode=JucePlugin_ManufacturerCode",
					"JucePlugin_CFBundleIdentifier=com.yourcompany.VBANEmitter",
					"JucePlugin_AAXIdentifier=com.yourcompany.VBANEmitter",
					"JucePlugin_AAXManufacturerCode=JucePlugin_ManufacturerCode",
					"JucePlugin_AAXProductId=JucePlugin_PluginCode",
					"JucePlugin_AAXCategory=0",
					"JucePlugin_AAXDisableBypass=0",
					"JucePlugin_AAXDisableMultiMono=0",
					"JucePlugin_IAAType=0x61757278",
					"JucePlugin_IAASubType=JucePlugin_PluginCode",
					"JucePlugin_IAAName=\\\"billy_the_hippo:\\ VBANEmitter\\\"",
					"JucePlugin_VSTNumMidiInputs=16",
					"JucePlugin_VSTNumMidiOutputs=16",
					"JucePlugin_ARAContentTypes=0",
					"JucePlugin_ARATransformationFlags=0",
					"JucePlugin_ARAFactoryID=\\\"com.yourcompany.VBANEmitter.factory\\\"",
					"JucePlugin_ARADocumentArchiveID=\\\"com.yourcompany.VBANEmitter.aradocumentarchive.1.0.0\\\"",
					"JucePlugin_ARACompatibleArchiveIDs=\\\"\\\"",
					"JUCE_STANDALONE_APPLICATION=JucePlugin_Build_Standalone",
					"JUCER_XCODE_IPHONE_5BC26AE3=1",
					"JUCE_APP_VERSION=1.0.0",
					"JUCE_APP_VERSION_HEX=0x10000",
					"JUCE_SHARED_CODE=1",
				);
				GCC_VERSION = com.apple.compilers.llvm.clang.1_0;
				HEADER_SEARCH_PATHS = (
					"$(SRCROOT)/../../JuceLibraryCode",
					"/usr/share/juce/modules",
					"/usr/share/juce/modules/juce_audio_plugin_client/AU",
					"$(inherited)",
				);
				INSTALL_PATH = "@executable_path/Frameworks";
				MTL_HEADER_SEARCH_PATHS = "$(SRCROOT)/../../JuceLibraryCode /usr/share/juce/modules /usr/share/juce/modules/juce_audio_plugin_client/AU";
				PRODUCT_BUNDLE_IDENTIFIER = com.yourcompany.VBANEmitter;
				PRODUCT_NAME = "VBANEmitter";
				SKIP_INSTALL = YES;
				USE_HEADERMAP = NO;
			};
			name = Debug;
		};
		842350B48E1D5A9DBFE3F62A /* Debug */ = {
			isa = XCBuildConfiguration;
			buildSettings = {
				ALWAYS_SEARCH_USER_PATHS = NO;
				CLANG_ENABLE_OBJC_WEAK = YES;
				CLANG_WARN_BLOCK_CAPTURE_AUTORELEASING = YES;
				CLANG_WARN_BOOL_CONVERSION = YES;
				CLANG_WARN_COMMA = YES;
				CLANG_WARN_CONSTANT_CONVERSION = YES;
				CLANG_WARN_DEPRECATED_OBJC_IMPLEMENTATIONS = YES;
				CLANG_WARN_EMPTY_BODY = YES;
				CLANG_WARN_ENUM_CONVERSION = YES;
				CLANG_WARN_INFINITE_RECURSION = YES;
				CLANG_WARN_INT_CONVERSION = YES;
				CLANG_WARN_NON_LITERAL_NULL_CONVERSION = YES;
				CLANG_WARN_OBJC_IMPLICIT_RETAIN_SELF = YES;
				CLANG_WARN_OBJC_LITERAL_CONVERSION = YES;
				CLANG_WARN_RANGE_LOOP_ANALYSIS = YES;
				CLANG_WARN_STRICT_PROTOTYPES = YES;
				CLANG_WARN_SUSPICIOUS_MOVE = YES;
				CLANG_WARN_UNREACHABLE_CODE = YES;
				CLANG_WARN__DUPLICATE_METHOD_MATCH = YES;
				DEBUG_INFORMATION_FORMAT = dwarf;
				ENABLE_STRICT_OBJC_MSGSEND = YES;
				ENABLE_TESTABILITY = NO;
				GCC_C_LANGUAGE_STANDARD = c11;
				GCC_INLINES_ARE_PRIVATE_EXTERN = YES;
				GCC_MODEL_TUNING = G5;
				GCC_NO_COMMON_BLOCKS = YES;
				GCC_SYMBOLS_PRIVATE_EXTERN = YES;
				GCC_WARN_64_TO_32_BIT_CONVERSION = YES;
				GCC_WARN_ABOUT_RETURN_TYPE = YES;
				GCC_WARN_CHECK_SWITCH_STATEMENTS = YES;
				GCC_WARN_MISSING_PARENTHESES = YES;
				GCC_WARN_NON_VIRTUAL_DESTRUCTOR = YES;
				GCC_WARN_TYPECHECK_CALLS_TO_PRINTF = YES;
				GCC_WARN_UNDECLARED_SELECTOR = YES;
				GCC_WARN_UNINITIALIZED_AUTOS = YES;
				GCC_WARN_UNUSED_FUNCTION = YES;
				GCC_WARN_UNUSED_VARIABLE = YES;
				IPHONEOS_DEPLOYMENT_TARGET = 12.0;
				ONLY_ACTIVE_ARCH = YES;
				PRODUCT_NAME = "VBANEmitter";
				SDKROOT = iphoneos;
				TARGETED_DEVICE_FAMILY = "1,2";
				WARNING_CFLAGS = "-Wreorder";
				ZERO_LINK = NO;
			};
			name = Debug;
		};
		890FDC8CA6A11E5DE8D96D55 /* Debug */ = {
			isa = XCBuildConfiguration;
			buildSettings = {
				ASSETCATALOG_COMPILER_APPICON_NAME = AppIcon;
				CLANG_CXX_LANGUAGE_STANDARD = "c++17";
				CLANG_CXX_LIBRARY = "libc++";
				CLANG_LINK_OBJC_RUNTIME = NO;
				COMBINE_HIDPI_IMAGES = YES;
				CONFIGURATION_BUILD_DIR = "$(PROJECT_DIR)/build/$(CONFIGURATION)";
				COPY_PHASE_STRIP = NO;
				GCC_DYNAMIC_NO_PIC = NO;
				GCC_OPTIMIZATION_LEVEL = 0;
				GCC_PREPROCESSOR_DEFINITIONS = (
					"_DEBUG=1",
					"DEBUG=1",
					"JUCE_CONTENT_SHARING=1",
					"JUCE_DISPLAY_SPLASH_SCREEN=1",
					"JUCE_USE_DARK_SPLASH_SCREEN=1",
					"JUCE_PROJUCER_VERSION=0x7000c",
					"JUCE_MODULE_AVAILABLE_juce_audio_basics=1",
					"JUCE_MODULE_AVAILABLE_juce_audio_devices=1",
					"JUCE_MODULE_AVAILABLE_juce_audio_formats=1",
					"JUCE_MODULE_AVAILABLE_juce_audio_plugin_client=1",
					"JUCE_MODULE_AVAILABLE_juce_audio_processors=1",
					"JUCE_MODULE_AVAILABLE_juce_audio_utils=1",
					"JUCE_MODULE_AVAILABLE_juce_core=1",
					"JUCE_MODULE_AVAILABLE_juce_data_structures=1",
					"JUCE_MODULE_AVAILABLE_juce_events=1",
					"JUCE_MODULE_AVAILABLE_juce_graphics=1",
					"JUCE_MODULE_AVAILABLE_juce_gui_basics=1",
					"JUCE_MODULE_AVAILABLE_juce_gui_extra=1",
					"JUCE_GLOBAL_MODULE_SETTINGS_INCLUDED=1",
					"JUCE_VST3_CAN_REPLACE_VST2=0",
					"JUCE_STRICT_REFCOUNTEDPOINTER=1",
					"JucePlugin_Build_VST=0",
					"JucePlugin_Build_VST3=0",
					"JucePlugin_Build_AU=0",
					"JucePlugin_Build_AUv3=0",
					"JucePlugin_Build_AAX=0",
					"JucePlugin_Build_Standalone=0",
					"JucePlugin_Build_Unity=0",
					"JucePlugin_Build_LV2=0",
					"JucePlugin_Enable_IAA=0",
					"JucePlugin_Enable_ARA=0",
					"JucePlugin_Name=\\\"VBANEmitter\\\"",
					"JucePlugin_Desc=\\\"VBANEmitter\\\"",
					"JucePlugin_Manufacturer=\\\"billy_the_hippo\\\"",
					"JucePlugin_ManufacturerWebsite=\\\"www.yourcompany.com\\\"",
					"JucePlugin_ManufacturerEmail=\\\"\\\"",
					"JucePlugin_ManufacturerCode=0x4d616e75",
					"JucePlugin_PluginCode=0x49686267",
					"JucePlugin_IsSynth=0",
					"JucePlugin_WantsMidiInput=0",
					"JucePlugin_ProducesMidiOutput=0",
					"JucePlugin_IsMidiEffect=0",
					"JucePlugin_EditorRequiresKeyboardFocus=0",
					"JucePlugin_Version=1.0.0",
					"JucePlugin_VersionCode=0x10000",
					"JucePlugin_VersionString=\\\"1.0.0\\\"",
					"JucePlugin_VSTUniqueID=JucePlugin_PluginCode",
					"JucePlugin_VSTCategory=kPlugCategEffect",
					"JucePlugin_Vst3Category=\\\"Fx\\\"",
					"JucePlugin_AUMainType=\\'aufx\\'",
					"JucePlugin_AUSubType=JucePlugin_PluginCode",
					"JucePlugin_AUExportPrefix=VBANEmitterAU",
					"JucePlugin_AUExportPrefixQuoted=\\\"VBANEmitterAU\\\"",
					"JucePlugin_AUManufacturerCode=JucePlugin_ManufacturerCode",
					"JucePlugin_CFBundleIdentifier=com.yourcompany.VBANEmitter",
					"JucePlugin_AAXIdentifier=com.yourcompany.VBANEmitter",
					"JucePlugin_AAXManufacturerCode=JucePlugin_ManufacturerCode",
					"JucePlugin_AAXProductId=JucePlugin_PluginCode",
					"JucePlugin_AAXCategory=0",
					"JucePlugin_AAXDisableBypass=0",
					"JucePlugin_AAXDisableMultiMono=0",
					"JucePlugin_IAAType=0x61757278",
					"JucePlugin_IAASubType=JucePlugin_PluginCode",
					"JucePlugin_IAAName=\\\"billy_the_hippo:\\ VBANEmitter\\\"",
					"JucePlugin_VSTNumMidiInputs=16",
					"JucePlugin_VSTNumMidiOutputs=16",
					"JucePlugin_ARAContentTypes=0",
					"JucePlugin_ARATransformationFlags=0",
					"JucePlugin_ARAFactoryID=\\\"com.yourcompany.VBANEmitter.factory\\\"",
					"JucePlugin_ARADocumentArchiveID=\\\"com.yourcompany.VBANEmitter.aradocumentarchive.1.0.0\\\"",
					"JucePlugin_ARACompatibleArchiveIDs=\\\"\\\"",
					"JUCE_STANDALONE_APPLICATION=JucePlugin_Build_Standalone",
					"JUCER_XCODE_IPHONE_5BC26AE3=1",
					"JUCE_APP_VERSION=1.0.0",
					"JUCE_APP_VERSION_HEX=0x10000",
				);
				GCC_VERSION = com.apple.compilers.llvm.clang.1_0;
				HEADER_SEARCH_PATHS = (
					"$(SRCROOT)/../../JuceLibraryCode",
					"/usr/share/juce/modules",
					"/usr/share/juce/modules/juce_audio_plugin_client/AU",
					"$(inherited)",
				);
				MTL_HEADER_SEARCH_PATHS = "$(SRCROOT)/../../JuceLibraryCode /usr/share/juce/modules /usr/share/juce/modules/juce_audio_plugin_client/AU";
				OTHER_LDFLAGS = "-lVBANEmitter";
				PRODUCT_BUNDLE_IDENTIFIER = com.yourcompany.VBANEmitter;
				PRODUCT_NAME = "VBANEmitter";
				USE_HEADERMAP = NO;
			};
			name = Debug;
		};
		958082FAACD758DEA8C33776 /* Release */ = {
			isa = XCBuildConfiguration;
			buildSettings = {
				ASSETCATALOG_COMPILER_APPICON_NAME = AppIcon;
				CLANG_CXX_LANGUAGE_STANDARD = "c++17";
				CLANG_CXX_LIBRARY = "libc++";
				CLANG_LINK_OBJC_RUNTIME = NO;
				COMBINE_HIDPI_IMAGES = YES;
				CONFIGURATION_BUILD_DIR = "$(PROJECT_DIR)/build/$(CONFIGURATION)";
				DEAD_CODE_STRIPPING = YES;
				GCC_GENERATE_DEBUGGING_SYMBOLS = NO;
				GCC_OPTIMIZATION_LEVEL = 3;
				GCC_PREPROCESSOR_DEFINITIONS = (
					"_NDEBUG=1",
					"NDEBUG=1",
					"JUCE_CONTENT_SHARING=1",
					"JUCE_DISPLAY_SPLASH_SCREEN=1",
					"JUCE_USE_DARK_SPLASH_SCREEN=1",
					"JUCE_PROJUCER_VERSION=0x7000c",
					"JUCE_MODULE_AVAILABLE_juce_audio_basics=1",
					"JUCE_MODULE_AVAILABLE_juce_audio_devices=1",
					"JUCE_MODULE_AVAILABLE_juce_audio_formats=1",
					"JUCE_MODULE_AVAILABLE_juce_audio_plugin_client=1",
					"JUCE_MODULE_AVAILABLE_juce_audio_processors=1",
					"JUCE_MODULE_AVAILABLE_juce_audio_utils=1",
					"JUCE_MODULE_AVAILABLE_juce_core=1",
					"JUCE_MODULE_AVAILABLE_juce_data_structures=1",
					"JUCE_MODULE_AVAILABLE_juce_events=1",
					"JUCE_MODULE_AVAILABLE_juce_graphics=1",
					"JUCE_MODULE_AVAILABLE_juce_gui_basics=1",
					"JUCE_MODULE_AVAILABLE_juce_gui_extra=1",
					"JUCE_GLOBAL_MODULE_SETTINGS_INCLUDED=1",
					"JUCE_VST3_CAN_REPLACE_VST2=0",
					"JUCE_STRICT_REFCOUNTEDPOINTER=1",
					"JucePlugin_Build_VST=0",
					"JucePlugin_Build_VST3=0",
					"JucePlugin_Build_AU=0",
					"JucePlugin_Build_AUv3=0",
					"JucePlugin_Build_AAX=0",
					"JucePlugin_Build_Standalone=1",
					"JucePlugin_Build_Unity=0",
					"JucePlugin_Build_LV2=0",
					"JucePlugin_Enable_IAA=0",
					"JucePlugin_Enable_ARA=0",
					"JucePlugin_Name=\\\"VBANEmitter\\\"",
					"JucePlugin_Desc=\\\"VBANEmitter\\\"",
					"JucePlugin_Manufacturer=\\\"billy_the_hippo\\\"",
					"JucePlugin_ManufacturerWebsite=\\\"www.yourcompany.com\\\"",
					"JucePlugin_ManufacturerEmail=\\\"\\\"",
					"JucePlugin_ManufacturerCode=0x4d616e75",
					"JucePlugin_PluginCode=0x49686267",
					"JucePlugin_IsSynth=0",
					"JucePlugin_WantsMidiInput=0",
					"JucePlugin_ProducesMidiOutput=0",
					"JucePlugin_IsMidiEffect=0",
					"JucePlugin_EditorRequiresKeyboardFocus=0",
					"JucePlugin_Version=1.0.0",
					"JucePlugin_VersionCode=0x10000",
					"JucePlugin_VersionString=\\\"1.0.0\\\"",
					"JucePlugin_VSTUniqueID=JucePlugin_PluginCode",
					"JucePlugin_VSTCategory=kPlugCategEffect",
					"JucePlugin_Vst3Category=\\\"Fx\\\"",
					"JucePlugin_AUMainType=\\'aufx\\'",
					"JucePlugin_AUSubType=JucePlugin_PluginCode",
					"JucePlugin_AUExportPrefix=VBANEmitterAU",
					"JucePlugin_AUExportPrefixQuoted=\\\"VBANEmitterAU\\\"",
					"JucePlugin_AUManufacturerCode=JucePlugin_ManufacturerCode",
					"JucePlugin_CFBundleIdentifier=com.yourcompany.VBANEmitter",
					"JucePlugin_AAXIdentifier=com.yourcompany.VBANEmitter",
					"JucePlugin_AAXManufacturerCode=JucePlugin_ManufacturerCode",
					"JucePlugin_AAXProductId=JucePlugin_PluginCode",
					"JucePlugin_AAXCategory=0",
					"JucePlugin_AAXDisableBypass=0",
					"JucePlugin_AAXDisableMultiMono=0",
					"JucePlugin_IAAType=0x61757278",
					"JucePlugin_IAASubType=JucePlugin_PluginCode",
					"JucePlugin_IAAName=\\\"billy_the_hippo:\\ VBANEmitter\\\"",
					"JucePlugin_VSTNumMidiInputs=16",
					"JucePlugin_VSTNumMidiOutputs=16",
					"JucePlugin_ARAContentTypes=0",
					"JucePlugin_ARATransformationFlags=0",
					"JucePlugin_ARAFactoryID=\\\"com.yourcompany.VBANEmitter.factory\\\"",
					"JucePlugin_ARADocumentArchiveID=\\\"com.yourcompany.VBANEmitter.aradocumentarchive.1.0.0\\\"",
					"JucePlugin_ARACompatibleArchiveIDs=\\\"\\\"",
					"JUCE_STANDALONE_APPLICATION=JucePlugin_Build_Standalone",
					"JUCER_XCODE_IPHONE_5BC26AE3=1",
					"JUCE_APP_VERSION=1.0.0",
					"JUCE_APP_VERSION_HEX=0x10000",
					"JUCE_SHARED_CODE=1",
				);
				GCC_VERSION = com.apple.compilers.llvm.clang.1_0;
				HEADER_SEARCH_PATHS = (
					"$(SRCROOT)/../../JuceLibraryCode",
					"/usr/share/juce/modules",
					"/usr/share/juce/modules/juce_audio_plugin_client/AU",
					"$(inherited)",
				);
				INSTALL_PATH = "@executable_path/Frameworks";
				LLVM_LTO = YES;
				MTL_HEADER_SEARCH_PATHS = "$(SRCROOT)/../../JuceLibraryCode /usr/share/juce/modules /usr/share/juce/modules/juce_audio_plugin_client/AU";
				PRODUCT_BUNDLE_IDENTIFIER = com.yourcompany.VBANEmitter;
				PRODUCT_NAME = "VBANEmitter";
				SKIP_INSTALL = YES;
				USE_HEADERMAP = NO;
			};
			name = Release;
		};
		D8DF09D1E153B0AFBED2ECA4 /* Release */ = {
			isa = XCBuildConfiguration;
			buildSettings = {
				ASSETCATALOG_COMPILER_APPICON_NAME = AppIcon;
				CLANG_CXX_LANGUAGE_STANDARD = "c++17";
				CLANG_CXX_LIBRARY = "libc++";
				CLANG_LINK_OBJC_RUNTIME = NO;
				COMBINE_HIDPI_IMAGES = YES;
				CONFIGURATION_BUILD_DIR = "$(PROJECT_DIR)/build/$(CONFIGURATION)";
				DEAD_CODE_STRIPPING = YES;
				GCC_GENERATE_DEBUGGING_SYMBOLS = NO;
				GCC_OPTIMIZATION_LEVEL = 3;
				GCC_PREPROCESSOR_DEFINITIONS = (
					"_NDEBUG=1",
					"NDEBUG=1",
					"JUCE_CONTENT_SHARING=1",
					"JUCE_DISPLAY_SPLASH_SCREEN=1",
					"JUCE_USE_DARK_SPLASH_SCREEN=1",
					"JUCE_PROJUCER_VERSION=0x7000c",
					"JUCE_MODULE_AVAILABLE_juce_audio_basics=1",
					"JUCE_MODULE_AVAILABLE_juce_audio_devices=1",
					"JUCE_MODULE_AVAILABLE_juce_audio_formats=1",
					"JUCE_MODULE_AVAILABLE_juce_audio_plugin_client=1",
					"JUCE_MODULE_AVAILABLE_juce_audio_processors=1",
					"JUCE_MODULE_AVAILABLE_juce_audio_utils=1",
					"JUCE_MODULE_AVAILABLE_juce_core=1",
					"JUCE_MODULE_AVAILABLE_juce_data_structures=1",
					"JUCE_MODULE_AVAILABLE_juce_events=1",
					"JUCE_MODULE_AVAILABLE_juce_graphics=1",
					"JUCE_MODULE_AVAILABLE_juce_gui_basics=1",
					"JUCE_MODULE_AVAILABLE_juce_gui_extra=1",
					"JUCE_GLOBAL_MODULE_SETTINGS_INCLUDED=1",
					"JUCE_VST3_CAN_REPLACE_VST2=0",
					"JUCE_STRICT_REFCOUNTEDPOINTER=1",
					"JucePlugin_Build_VST=0",
					"JucePlugin_Build_VST3=0",
					"JucePlugin_Build_AU=0",
					"JucePlugin_Build_AUv3=0",
					"JucePlugin_Build_AAX=0",
					"JucePlugin_Build_Standalone=1",
					"JucePlugin_Build_Unity=0",
					"JucePlugin_Build_LV2=0",
					"JucePlugin_Enable_IAA=0",
					"JucePlugin_Enable_ARA=0",
					"JucePlugin_Name=\\\"VBANEmitter\\\"",
					"JucePlugin_Desc=\\\"VBANEmitter\\\"",
					"JucePlugin_Manufacturer=\\\"billy_the_hippo\\\"",
					"JucePlugin_ManufacturerWebsite=\\\"www.yourcompany.com\\\"",
					"JucePlugin_ManufacturerEmail=\\\"\\\"",
					"JucePlugin_ManufacturerCode=0x4d616e75",
					"JucePlugin_PluginCode=0x49686267",
					"JucePlugin_IsSynth=0",
					"JucePlugin_WantsMidiInput=0",
					"JucePlugin_ProducesMidiOutput=0",
					"JucePlugin_IsMidiEffect=0",
					"JucePlugin_EditorRequiresKeyboardFocus=0",
					"JucePlugin_Version=1.0.0",
					"JucePlugin_VersionCode=0x10000",
					"JucePlugin_VersionString=\\\"1.0.0\\\"",
					"JucePlugin_VSTUniqueID=JucePlugin_PluginCode",
					"JucePlugin_VSTCategory=kPlugCategEffect",
					"JucePlugin_Vst3Category=\\\"Fx\\\"",
					"JucePlugin_AUMainType=\\'aufx\\'",
					"JucePlugin_AUSubType=JucePlugin_PluginCode",
					"JucePlugin_AUExportPrefix=VBANEmitterAU",
					"JucePlugin_AUExportPrefixQuoted=\\\"VBANEmitterAU\\\"",
					"JucePlugin_AUManufacturerCode=JucePlugin_ManufacturerCode",
					"JucePlugin_CFBundleIdentifier=com.yourcompany.VBANEmitter",
					"JucePlugin_AAXIdentifier=com.yourcompany.VBANEmitter",
					"JucePlugin_AAXManufacturerCode=JucePlugin_ManufacturerCode",
					"JucePlugin_AAXProductId=JucePlugin_PluginCode",
					"JucePlugin_AAXCategory=0",
					"JucePlugin_AAXDisableBypass=0",
					"JucePlugin_AAXDisableMultiMono=0",
					"JucePlugin_IAAType=0x61757278",
					"JucePlugin_IAASubType=JucePlugin_PluginCode",
					"JucePlugin_IAAName=\\\"billy_the_hippo:\\ VBANEmitter\\\"",
					"JucePlugin_VSTNumMidiInputs=16",
					"JucePlugin_VSTNumMidiOutputs=16",
					"JucePlugin_ARAContentTypes=0",
					"JucePlugin_ARATransformationFlags=0",
					"JucePlugin_ARAFactoryID=\\\"com.yourcompany.VBANEmitter.factory\\\"",
					"JucePlugin_ARADocumentArchiveID=\\\"com.yourcompany.VBANEmitter.aradocumentarchive.1.0.0\\\"",
					"JucePlugin_ARACompatibleArchiveIDs=\\\"\\\"",
					"JUCE_STANDALONE_APPLICATION=JucePlugin_Build_Standalone",
					"JUCER_XCODE_IPHONE_5BC26AE3=1",
					"JUCE_APP_VERSION=1.0.0",
					"JUCE_APP_VERSION_HEX=0x10000",
				);
				GCC_VERSION = com.apple.compilers.llvm.clang.1_0;
				HEADER_SEARCH_PATHS = (
					"$(SRCROOT)/../../JuceLibraryCode",
					"/usr/share/juce/modules",
					"/usr/share/juce/modules/juce_audio_plugin_client/AU",
					"$(inherited)",
				);
				INFOPLIST_FILE = Info-Standalone_Plugin.plist;
				INFOPLIST_PREPROCESS = NO;
				LLVM_LTO = YES;
				MTL_HEADER_SEARCH_PATHS = "$(SRCROOT)/../../JuceLibraryCode /usr/share/juce/modules /usr/share/juce/modules/juce_audio_plugin_client/AU";
				OTHER_LDFLAGS = "-lVBANEmitter";
				PRODUCT_BUNDLE_IDENTIFIER = com.yourcompany.VBANEmitter;
				PRODUCT_NAME = "VBANEmitter";
				USE_HEADERMAP = NO;
			};
			name = Release;
		};
		E3BF9555D48644AF9B38368F /* Release */ = {
			isa = XCBuildConfiguration;
			buildSettings = {
				ASSETCATALOG_COMPILER_APPICON_NAME = AppIcon;
				CLANG_CXX_LANGUAGE_STANDARD = "c++17";
				CLANG_CXX_LIBRARY = "libc++";
				CLANG_LINK_OBJC_RUNTIME = NO;
				COMBINE_HIDPI_IMAGES = YES;
				CONFIGURATION_BUILD_DIR = "$(PROJECT_DIR)/build/$(CONFIGURATION)";
				DEAD_CODE_STRIPPING = YES;
				GCC_GENERATE_DEBUGGING_SYMBOLS = NO;
				GCC_OPTIMIZATION_LEVEL = 3;
				GCC_PREPROCESSOR_DEFINITIONS = (
					"_NDEBUG=1",
					"NDEBUG=1",
					"JUCE_CONTENT_SHARING=1",
					"JUCE_DISPLAY_SPLASH_SCREEN=1",
					"JUCE_USE_DARK_SPLASH_SCREEN=1",
					"JUCE_PROJUCER_VERSION=0x7000c",
					"JUCE_MODULE_AVAILABLE_juce_audio_basics=1",
					"JUCE_MODULE_AVAILABLE_juce_audio_devices=1",
					"JUCE_MODULE_AVAILABLE_juce_audio_formats=1",
					"JUCE_MODULE_AVAILABLE_juce_audio_plugin_client=1",
					"JUCE_MODULE_AVAILABLE_juce_audio_processors=1",
					"JUCE_MODULE_AVAILABLE_juce_audio_utils=1",
					"JUCE_MODULE_AVAILABLE_juce_core=1",
					"JUCE_MODULE_AVAILABLE_juce_data_structures=1",
					"JUCE_MODULE_AVAILABLE_juce_events=1",
					"JUCE_MODULE_AVAILABLE_juce_graphics=1",
					"JUCE_MODULE_AVAILABLE_juce_gui_basics=1",
					"JUCE_MODULE_AVAILABLE_juce_gui_extra=1",
					"JUCE_GLOBAL_MODULE_SETTINGS_INCLUDED=1",
					"JUCE_VST3_CAN_REPLACE_VST2=0",
					"JUCE_STRICT_REFCOUNTEDPOINTER=1",
					"JucePlugin_Build_VST=0",
					"JucePlugin_Build_VST3=0",
					"JucePlugin_Build_AU=0",
					"JucePlugin_Build_AUv3=0",
					"JucePlugin_Build_AAX=0",
					"JucePlugin_Build_Standalone=0",
					"JucePlugin_Build_Unity=0",
					"JucePlugin_Build_LV2=0",
					"JucePlugin_Enable_IAA=0",
					"JucePlugin_Enable_ARA=0",
					"JucePlugin_Name=\\\"VBANEmitter\\\"",
					"JucePlugin_Desc=\\\"VBANEmitter\\\"",
					"JucePlugin_Manufacturer=\\\"billy_the_hippo\\\"",
					"JucePlugin_ManufacturerWebsite=\\\"www.yourcompany.com\\\"",
					"JucePlugin_ManufacturerEmail=\\\"\\\"",
					"JucePlugin_ManufacturerCode=0x4d616e75",
					"JucePlugin_PluginCode=0x49686267",
					"JucePlugin_IsSynth=0",
					"JucePlugin_WantsMidiInput=0",
					"JucePlugin_ProducesMidiOutput=0",
					"JucePlugin_IsMidiEffect=0",
					"JucePlugin_EditorRequiresKeyboardFocus=0",
					"JucePlugin_Version=1.0.0",
					"JucePlugin_VersionCode=0x10000",
					"JucePlugin_VersionString=\\\"1.0.0\\\"",
					"JucePlugin_VSTUniqueID=JucePlugin_PluginCode",
					"JucePlugin_VSTCategory=kPlugCategEffect",
					"JucePlugin_Vst3Category=\\\"Fx\\\"",
					"JucePlugin_AUMainType=\\'aufx\\'",
					"JucePlugin_AUSubType=JucePlugin_PluginCode",
					"JucePlugin_AUExportPrefix=VBANEmitterAU",
					"JucePlugin_AUExportPrefixQuoted=\\\"VBANEmitterAU\\\"",
					"JucePlugin_AUManufacturerCode=JucePlugin_ManufacturerCode",
					"JucePlugin_CFBundleIdentifier=com.yourcompany.VBANEmitter",
					"JucePlugin_AAXIdentifier=com.yourcompany.VBANEmitter",
					"JucePlugin_AAXManufacturerCode=JucePlugin_ManufacturerCode",
					"JucePlugin_AAXProductId=JucePlugin_PluginCode",
					"JucePlugin_AAXCategory=0",
					"JucePlugin_AAXDisableBypass=0",
					"JucePlugin_AAXDisableMultiMono=0",
					"JucePlugin_IAAType=0x61757278",
					"JucePlugin_IAASubType=JucePlugin_PluginCode",
					"JucePlugin_IAAName=\\\"billy_the_hippo:\\ VBANEmitter\\\"",
					"JucePlugin_VSTNumMidiInputs=16",
					"JucePlugin_VSTNumMidiOutputs=16",
					"JucePlugin_ARAContentTypes=0",
					"JucePlugin_ARATransformationFlags=0",
					"JucePlugin_ARAFactoryID=\\\"com.yourcompany.VBANEmitter.factory\\\"",
					"JucePlugin_ARADocumentArchiveID=\\\"com.yourcompany.VBANEmitter.aradocumentarchive.1.0.0\\\"",
					"JucePlugin_ARACompatibleArchiveIDs=\\\"\\\"",
					"JUCE_STANDALONE_APPLICATION=JucePlugin_Build_Standalone",
					"JUCER_XCODE_IPHONE_5BC26AE3=1",
					"JUCE_APP_VERSION=1.0.0",
					"JUCE_APP_VERSION_HEX=0x10000",
				);
				GCC_VERSION = com.apple.compilers.llvm.clang.1_0;
				HEADER_SEARCH_PATHS = (
					"$(SRCROOT)/../../JuceLibraryCode",
					"/usr/share/juce/modules",
					"/usr/share/juce/modules/juce_audio_plugin_client/AU",
					"$(inherited)",
				);
				LLVM_LTO = YES;
				MTL_HEADER_SEARCH_PATHS = "$(SRCROOT)/../../JuceLibraryCode /usr/share/juce/modules /usr/share/juce/modules/juce_audio_plugin_client/AU";
				OTHER_LDFLAGS = "-lVBANEmitter";
				PRODUCT_BUNDLE_IDENTIFIER = com.yourcompany.VBANEmitter;
				PRODUCT_NAME = "VBANEmitter";
				USE_HEADERMAP = NO;
			};
			name = Release;
		};
		F6959AF7DBE390A53B3A5AC6 /* Release */ = {
			isa = XCBuildConfiguration;
			buildSettings = {
				ALWAYS_SEARCH_USER_PATHS = NO;
				CLANG_ENABLE_OBJC_WEAK = YES;
				CLANG_WARN_BLOCK_CAPTURE_AUTORELEASING = YES;
				CLANG_WARN_BOOL_CONVERSION = YES;
				CLANG_WARN_COMMA = YES;
				CLANG_WARN_CONSTANT_CONVERSION = YES;
				CLANG_WARN_DEPRECATED_OBJC_IMPLEMENTATIONS = YES;
				CLANG_WARN_EMPTY_BODY = YES;
				CLANG_WARN_ENUM_CONVERSION = YES;
				CLANG_WARN_INFINITE_RECURSION = YES;
				CLANG_WARN_INT_CONVERSION = YES;
				CLANG_WARN_NON_LITERAL_NULL_CONVERSION = YES;
				CLANG_WARN_OBJC_IMPLICIT_RETAIN_SELF = YES;
				CLANG_WARN_OBJC_LITERAL_CONVERSION = YES;
				CLANG_WARN_RANGE_LOOP_ANALYSIS = YES;
				CLANG_WARN_STRICT_PROTOTYPES = YES;
				CLANG_WARN_SUSPICIOUS_MOVE = YES;
				CLANG_WARN_UNREACHABLE_CODE = YES;
				CLANG_WARN__DUPLICATE_METHOD_MATCH = YES;
				DEBUG_INFORMATION_FORMAT = dwarf;
				ENABLE_STRICT_OBJC_MSGSEND = YES;
				ENABLE_TESTABILITY = NO;
				GCC_C_LANGUAGE_STANDARD = c11;
				GCC_INLINES_ARE_PRIVATE_EXTERN = YES;
				GCC_MODEL_TUNING = G5;
				GCC_NO_COMMON_BLOCKS = YES;
				GCC_SYMBOLS_PRIVATE_EXTERN = YES;
				GCC_WARN_64_TO_32_BIT_CONVERSION = YES;
				GCC_WARN_ABOUT_RETURN_TYPE = YES;
				GCC_WARN_CHECK_SWITCH_STATEMENTS = YES;
				GCC_WARN_MISSING_PARENTHESES = YES;
				GCC_WARN_NON_VIRTUAL_DESTRUCTOR = YES;
				GCC_WARN_TYPECHECK_CALLS_TO_PRINTF = YES;
				GCC_WARN_UNDECLARED_SELECTOR = YES;
				GCC_WARN_UNINITIALIZED_AUTOS = YES;
				GCC_WARN_UNUSED_FUNCTION = YES;
				GCC_WARN_UNUSED_VARIABLE = YES;
				IPHONEOS_DEPLOYMENT_TARGET = 12.0;
				PRODUCT_NAME = "VBANEmitter";
				SDKROOT = iphoneos;
				TARGETED_DEVICE_FAMILY = "1,2";
				WARNING_CFLAGS = "-Wreorder";
				ZERO_LINK = NO;
			};
			name = Release;
		};
/* End XCBuildConfiguration section */

/* Begin XCConfigurationList section */
		6121FD85FCFA0759AE8C2F72 = {
			isa = XCConfigurationList;
			buildConfigurations = (
				842350B48E1D5A9DBFE3F62A,
				F6959AF7DBE390A53B3A5AC6,
			);
			defaultConfigurationIsVisible = 0;
			defaultConfigurationName = Debug;
		};
		77ECE9F18BCC3394045A1953 = {
			isa = XCConfigurationList;
			buildConfigurations = (
				890FDC8CA6A11E5DE8D96D55,
				E3BF9555D48644AF9B38368F,
			);
			defaultConfigurationIsVisible = 0;
			defaultConfigurationName = Debug;
		};
		89203C549EE5586F6F612BB9 = {
			isa = XCConfigurationList;
			buildConfigurations = (
				27BCED23E8DC033369567AA2,
				D8DF09D1E153B0AFBED2ECA4,
			);
			defaultConfigurationIsVisible = 0;
			defaultConfigurationName = Debug;
		};
		97B8B16A8A94D76E6C222D49 = {
			isa = XCConfigurationList;
			buildConfigurations = (
				5ABFF05655ECD4FFD10160A2,
				958082FAACD758DEA8C33776,
			);
			defaultConfigurationIsVisible = 0;
			defaultConfigurationName = Debug;
		};
/* End XCConfigurationList section */
	};
	rootObject = B906EFF4DEEFD262CDFDDFFA /* Project object */;
}
