
Microsoft Visual Studio Solution File, Format Version 11.00
# Visual Studio 15

Project("{8BC9CEB8-8B4A-11D0-8D11-00A0C91BC942}") = "VBANEmitter - Standalone Plugin", "VBANEmitter_StandalonePlugin.vcxproj", "{305E8AA3-6FB6-F1FD-DDD5-597FE9824F97}"
	ProjectSection(ProjectDependencies) = postProject
		{A9A55CD8-69B8-B01E-5648-E02873899E72} = {A9A55CD8-69B8-B01E-5648-E02873899E72}
	EndProjectSection
EndProject
Project("{8BC9CEB8-8B4A-11D0-8D11-00A0C91BC942}") = "VBANEmitter - VST3", "VBANEmitter_VST3.vcxproj", "{62B0168A-C672-990C-9502-8194875C6C92}"
	ProjectSection(ProjectDependencies) = postProject
		{A9A55CD8-69B8-B01E-5648-E02873899E72} = {A9A55CD8-69B8-B01E-5648-E02873899E72}
		{A9147C15-2A18-3396-428E-D8490F1D611F} = {A9147C15-2A18-3396-428E-D8490F1D611F}
	EndProjectSection
EndProject
Project("{8BC9CEB8-8B4A-11D0-8D11-00A0C91BC942}") = "VBANEmitter - LV2 Plugin", "VBANEmitter_LV2Plugin.vcxproj", "{133F0AFA-32EE-0506-CD86-ACB1905DDC76}"
	ProjectSection(ProjectDependencies) = postProject
		{A9A55CD8-69B8-B01E-5648-E02873899E72} = {A9A55CD8-69B8-B01E-5648-E02873899E72}
		{AF1D4E03-576A-1F91-8CE0-8827D2F13D90} = {AF1D4E03-576A-1F91-8CE0-8827D2F13D90}
	EndProjectSection
EndProject
Project("{8BC9CEB8-8B4A-11D0-8D11-00A0C91BC942}") = "VBANEmitter - Shared Code", "VBANEmitter_SharedCode.vcxproj", "{A9A55CD8-69B8-B01E-5648-E02873899E72}"
EndProject
Project("{8BC9CEB8-8B4A-11D0-8D11-00A0C91BC942}") = "VBANEmitter - LV2 Manifest Helper", "VBANEmitter_LV2ManifestHelper.vcxproj", "{AF1D4E03-576A-1F91-8CE0-8827D2F13D90}"
EndProject
Project("{8BC9CEB8-8B4A-11D0-8D11-00A0C91BC942}") = "VBANEmitter - VST3 Manifest Helper", "VBANEmitter_VST3ManifestHelper.vcxproj", "{A9147C15-2A18-3396-428E-D8490F1D611F}"
EndProject
Global
	GlobalSection(SolutionConfigurationPlatforms) = preSolution
		Debug|x64 = Debug|x64
		Release|x64 = Release|x64
	EndGlobalSection
	GlobalSection(ProjectConfigurationPlatforms) = postSolution
		{62B0168A-C672-990C-9502-8194875C6C92}.Debug|x64.ActiveCfg = Debug|x64
		{62B0168A-C672-990C-9502-8194875C6C92}.Debug|x64.Build.0 = Debug|x64
		{62B0168A-C672-990C-9502-8194875C6C92}.Release|x64.ActiveCfg = Release|x64
		{62B0168A-C672-990C-9502-8194875C6C92}.Release|x64.Build.0 = Release|x64
		{305E8AA3-6FB6-F1FD-DDD5-597FE9824F97}.Debug|x64.ActiveCfg = Debug|x64
		{305E8AA3-6FB6-F1FD-DDD5-597FE9824F97}.Debug|x64.Build.0 = Debug|x64
		{305E8AA3-6FB6-F1FD-DDD5-597FE9824F97}.Release|x64.ActiveCfg = Release|x64
		{305E8AA3-6FB6-F1FD-DDD5-597FE9824F97}.Release|x64.Build.0 = Release|x64
		{133F0AFA-32EE-0506-CD86-ACB1905DDC76}.Debug|x64.ActiveCfg = Debug|x64
		{133F0AFA-32EE-0506-CD86-ACB1905DDC76}.Debug|x64.Build.0 = Debug|x64
		{133F0AFA-32EE-0506-CD86-ACB1905DDC76}.Release|x64.ActiveCfg = Release|x64
		{133F0AFA-32EE-0506-CD86-ACB1905DDC76}.Release|x64.Build.0 = Release|x64
		{A9A55CD8-69B8-B01E-5648-E02873899E72}.Debug|x64.ActiveCfg = Debug|x64
		{A9A55CD8-69B8-B01E-5648-E02873899E72}.Debug|x64.Build.0 = Debug|x64
		{A9A55CD8-69B8-B01E-5648-E02873899E72}.Release|x64.ActiveCfg = Release|x64
		{A9A55CD8-69B8-B01E-5648-E02873899E72}.Release|x64.Build.0 = Release|x64
		{AF1D4E03-576A-1F91-8CE0-8827D2F13D90}.Debug|x64.ActiveCfg = Debug|x64
		{AF1D4E03-576A-1F91-8CE0-8827D2F13D90}.Debug|x64.Build.0 = Debug|x64
		{AF1D4E03-576A-1F91-8CE0-8827D2F13D90}.Release|x64.ActiveCfg = Release|x64
		{AF1D4E03-576A-1F91-8CE0-8827D2F13D90}.Release|x64.Build.0 = Release|x64
		{A9147C15-2A18-3396-428E-D8490F1D611F}.Debug|x64.ActiveCfg = Debug|x64
		{A9147C15-2A18-3396-428E-D8490F1D611F}.Debug|x64.Build.0 = Debug|x64
		{A9147C15-2A18-3396-428E-D8490F1D611F}.Release|x64.ActiveCfg = Release|x64
		{A9147C15-2A18-3396-428E-D8490F1D611F}.Release|x64.Build.0 = Release|x64
	EndGlobalSection
	GlobalSection(SolutionProperties) = preSolution
		HideSolutionNode = FALSE
	EndGlobalSection
EndGlobal
